{
  "name": "app",
  "lockfileVersion": 3,
  "requires": true,
  "packages": {
    "": {
      "dependencies": {
        "konva": "^10.2.0"
      }
    },
    "node_modules/konva": {
      "version": "10.2.0",
      "resolved": "https://registry.npmjs.org/konva/-/konva-10.2.0.tgz",
      "integrity": "sha512-JBoz0Xjbf49UPxCZegZ4WseqOzJ+C4AUDOtJ9eBve5RS5Fcq/u8TdBD5fDl/uPFInpC3a9uycm0sRyZpF4hheg==",
      "funding": [
        {
          "type": "patreon",
          "url": "https://www.patreon.com/lavrton"
        },
        {
          "type": "opencollective",
          "url": "https://opencollective.com/konva"
        },
        {
          "type": "github",
          "url": "https://github.com/sponsors/lavrton"
        }
      ],
      "license": "MIT"
    }
  }
}
